
Microsoft Visual Studio Solution File, Format Version 12.00
# Visual Studio 2012
Project("{F184B08F-C81C-45F6-A57F-5ABD9991F28F}") = "ProyectoVoz2", "ProyectoVoz2\ProyectoVoz2.vbproj", "{B09FCE05-DF36-4047-86C3-CECD48E28EEF}"
EndProject
Global
	GlobalSection(SolutionConfigurationPlatforms) = preSolution
		Debug|Any CPU = Debug|Any CPU
		Release|Any CPU = Release|Any CPU
	EndGlobalSection
	GlobalSection(ProjectConfigurationPlatforms) = postSolution
		{B09FCE05-DF36-4047-86C3-CECD48E28EEF}.Debug|Any CPU.ActiveCfg = Debug|Any CPU
		{B09FCE05-DF36-4047-86C3-CECD48E28EEF}.Debug|Any CPU.Build.0 = Debug|Any CPU
		{B09FCE05-DF36-4047-86C3-CECD48E28EEF}.Release|Any CPU.ActiveCfg = Release|Any CPU
		{B09FCE05-DF36-4047-86C3-CECD48E28EEF}.Release|Any CPU.Build.0 = Release|Any CPU
	EndGlobalSection
	GlobalSection(SolutionProperties) = preSolution
		HideSolutionNode = FALSE
	EndGlobalSection
EndGlobal
